
Microsoft Visual Studio Solution File, Format Version 12.00
# Visual Studio Version 17
VisualStudioVersion = 17.9.34622.214
MinimumVisualStudioVersion = 10.0.40219.1
Project("{9A19103F-16F7-4668-BE54-9A1E7A4F7556}") = "MusicApp.Web", "MusicApp.WEB\MusicApp.Web.csproj", "{7AE780F7-576D-4DF3-9B7E-E05B6CDA9749}"
	ProjectSection(ProjectDependencies) = postProject
		{4B3C7EF5-2116-4E44-8116-6254FA0B9E73} = {4B3C7EF5-2116-4E44-8116-6254FA0B9E73}
	EndProjectSection
EndProject
Project("{9A19103F-16F7-4668-BE54-9A1E7A4F7556}") = "MusicApp.Domain", "MusicApp.DOMAIN\MusicApp.Domain.csproj", "{CB7241A0-B1B0-4DB9-B6B0-00E8E7FFF1F7}"
EndProject
Project("{9A19103F-16F7-4668-BE54-9A1E7A4F7556}") = "MusicApp.Repository", "MusicApp.Repository\MusicApp.Repository.csproj", "{4B3C7EF5-2116-4E44-8116-6254FA0B9E73}"
EndProject
Project("{9A19103F-16F7-4668-BE54-9A1E7A4F7556}") = "MusicApp.Service", "MusicApp.Service\MusicApp.Service.csproj", "{B09AD1C8-121F-4C3F-962D-C10DE996C204}"
	ProjectSection(ProjectDependencies) = postProject
		{4B3C7EF5-2116-4E44-8116-6254FA0B9E73} = {4B3C7EF5-2116-4E44-8116-6254FA0B9E73}
	EndProjectSection
EndProject
Global
	GlobalSection(SolutionConfigurationPlatforms) = preSolution
		Debug|Any CPU = Debug|Any CPU
		Release|Any CPU = Release|Any CPU
	EndGlobalSection
	GlobalSection(ProjectConfigurationPlatforms) = postSolution
		{7AE780F7-576D-4DF3-9B7E-E05B6CDA9749}.Debug|Any CPU.ActiveCfg = Debug|Any CPU
		{7AE780F7-576D-4DF3-9B7E-E05B6CDA9749}.Debug|Any CPU.Build.0 = Debug|Any CPU
		{7AE780F7-576D-4DF3-9B7E-E05B6CDA9749}.Release|Any CPU.ActiveCfg = Release|Any CPU
		{7AE780F7-576D-4DF3-9B7E-E05B6CDA9749}.Release|Any CPU.Build.0 = Release|Any CPU
		{CB7241A0-B1B0-4DB9-B6B0-00E8E7FFF1F7}.Debug|Any CPU.ActiveCfg = Debug|Any CPU
		{CB7241A0-B1B0-4DB9-B6B0-00E8E7FFF1F7}.Debug|Any CPU.Build.0 = Debug|Any CPU
		{CB7241A0-B1B0-4DB9-B6B0-00E8E7FFF1F7}.Release|Any CPU.ActiveCfg = Release|Any CPU
		{CB7241A0-B1B0-4DB9-B6B0-00E8E7FFF1F7}.Release|Any CPU.Build.0 = Release|Any CPU
		{4B3C7EF5-2116-4E44-8116-6254FA0B9E73}.Debug|Any CPU.ActiveCfg = Debug|Any CPU
		{4B3C7EF5-2116-4E44-8116-6254FA0B9E73}.Debug|Any CPU.Build.0 = Debug|Any CPU
		{4B3C7EF5-2116-4E44-8116-6254FA0B9E73}.Release|Any CPU.ActiveCfg = Release|Any CPU
		{4B3C7EF5-2116-4E44-8116-6254FA0B9E73}.Release|Any CPU.Build.0 = Release|Any CPU
		{B09AD1C8-121F-4C3F-962D-C10DE996C204}.Debug|Any CPU.ActiveCfg = Debug|Any CPU
		{B09AD1C8-121F-4C3F-962D-C10DE996C204}.Debug|Any CPU.Build.0 = Debug|Any CPU
		{B09AD1C8-121F-4C3F-962D-C10DE996C204}.Release|Any CPU.ActiveCfg = Release|Any CPU
		{B09AD1C8-121F-4C3F-962D-C10DE996C204}.Release|Any CPU.Build.0 = Release|Any CPU
	EndGlobalSection
	GlobalSection(SolutionProperties) = preSolution
		HideSolutionNode = FALSE
	EndGlobalSection
	GlobalSection(ExtensibilityGlobals) = postSolution
		SolutionGuid = {B35074BD-B1F3-4EC5-8D1F-F998A2ADCB05}
	EndGlobalSection
EndGlobal
